{
  "name": "copilot-squad-terraform-presentation",
  "version": "0.1.0",
  "lockfileVersion": 3,
  "requires": true,
  "packages": {
    "": {
      "name": "copilot-squad-terraform-presentation",
      "version": "0.1.0",
      "dependencies": {
        "marked": "15.0.12",
        "reveal.js": "5.2.1"
      },
      "devDependencies": {
        "axe-core": "4.10.3"
      },
      "engines": {
        "node": ">=22"
      }
    },
    "node_modules/axe-core": {
      "version": "4.10.3",
      "integrity": "sha1-BBRZZax4lPrdusMIYeXY8Rv9FPw=",
      "dev": true,
      "license": "MPL-2.0",
      "engines": {
        "node": ">=4"
      }
    },
    "node_modules/marked": {
      "version": "15.0.12",
      "integrity": "sha1-MHIsc0bhLQotAgermwxPAQLYbE4=",
      "license": "MIT",
      "bin": {
        "marked": "bin/marked.js"
      },
      "engines": {
        "node": ">= 18"
      }
    },
    "node_modules/reveal.js": {
      "version": "5.2.1",
      "integrity": "sha1-IuX0rKFrK578D+97i2JFWGH+85w=",
      "license": "MIT",
      "engines": {
        "node": ">=18.0.0"
      }
    }
  }
}
